
Microsoft Visual Studio Solution File, Format Version 12.00
# Visual Studio Version 17
VisualStudioVersion = 17.5.33326.253
MinimumVisualStudioVersion = 10.0.40219.1
Project("{FAE04EC0-301F-11D3-BF4B-00C04F79EFBC}") = "SourceGeneratorToolkit", "SourceGeneratorToolkit\SourceGeneratorToolkit.csproj", "{AAC80609-5DDA-45ED-89E1-47D968B4206D}"
EndProject
Project("{FAE04EC0-301F-11D3-BF4B-00C04F79EFBC}") = "SourceGeneratorToolkit.Test", "SourceGeneratorToolkit.Test\SourceGeneratorToolkit.Test.csproj", "{4444A957-FD22-42C7-AD4C-98B397E3FE32}"
EndProject
Global
	GlobalSection(SolutionConfigurationPlatforms) = preSolution
		Debug|Any CPU = Debug|Any CPU
		Release|Any CPU = Release|Any CPU
	EndGlobalSection
	GlobalSection(ProjectConfigurationPlatforms) = postSolution
		{AAC80609-5DDA-45ED-89E1-47D968B4206D}.Debug|Any CPU.ActiveCfg = Debug|Any CPU
		{AAC80609-5DDA-45ED-89E1-47D968B4206D}.Debug|Any CPU.Build.0 = Debug|Any CPU
		{AAC80609-5DDA-45ED-89E1-47D968B4206D}.Release|Any CPU.ActiveCfg = Release|Any CPU
		{AAC80609-5DDA-45ED-89E1-47D968B4206D}.Release|Any CPU.Build.0 = Release|Any CPU
		{4444A957-FD22-42C7-AD4C-98B397E3FE32}.Debug|Any CPU.ActiveCfg = Debug|Any CPU
		{4444A957-FD22-42C7-AD4C-98B397E3FE32}.Debug|Any CPU.Build.0 = Debug|Any CPU
		{4444A957-FD22-42C7-AD4C-98B397E3FE32}.Release|Any CPU.ActiveCfg = Release|Any CPU
		{4444A957-FD22-42C7-AD4C-98B397E3FE32}.Release|Any CPU.Build.0 = Release|Any CPU
	EndGlobalSection
	GlobalSection(SolutionProperties) = preSolution
		HideSolutionNode = FALSE
	EndGlobalSection
	GlobalSection(ExtensibilityGlobals) = postSolution
		SolutionGuid = {F92AE20E-488C-4737-9F25-545BC93210B3}
	EndGlobalSection
EndGlobal
