
Microsoft Visual Studio Solution File, Format Version 12.00
# Visual Studio Version 17
VisualStudioVersion = 17.5.33103.201
MinimumVisualStudioVersion = 10.0.40219.1
Project("{9A19103F-16F7-4668-BE54-9A1E7A4F7556}") = "SourceGenApp", "SourceGenApp\SourceGenApp.csproj", "{37F86F4D-6373-4354-93EE-DC1CA37F3EF6}"
EndProject
Project("{9A19103F-16F7-4668-BE54-9A1E7A4F7556}") = "SourceGeneratorToolkit", "SourceGeneratorToolkit\SourceGeneratorToolkit.csproj", "{B45AA6CC-CF56-4C56-80D5-FA62FEAD0E43}"
EndProject
Project("{9A19103F-16F7-4668-BE54-9A1E7A4F7556}") = "MySourceGenerator", "MySourceGenerator\MySourceGenerator.csproj", "{781B47E7-269C-4959-9302-217BCF896204}"
EndProject
Project("{FAE04EC0-301F-11D3-BF4B-00C04F79EFBC}") = "SourceGeneratorToolkit.Test", "SourceGeneratorToolkit.Test\SourceGeneratorToolkit.Test.csproj", "{9952D65F-E771-4B9D-A98F-9B424D9FAFCB}"
EndProject
Global
	GlobalSection(SolutionConfigurationPlatforms) = preSolution
		Debug|Any CPU = Debug|Any CPU
		Release|Any CPU = Release|Any CPU
	EndGlobalSection
	GlobalSection(ProjectConfigurationPlatforms) = postSolution
		{37F86F4D-6373-4354-93EE-DC1CA37F3EF6}.Debug|Any CPU.ActiveCfg = Debug|Any CPU
		{37F86F4D-6373-4354-93EE-DC1CA37F3EF6}.Debug|Any CPU.Build.0 = Debug|Any CPU
		{37F86F4D-6373-4354-93EE-DC1CA37F3EF6}.Release|Any CPU.ActiveCfg = Release|Any CPU
		{37F86F4D-6373-4354-93EE-DC1CA37F3EF6}.Release|Any CPU.Build.0 = Release|Any CPU
		{B45AA6CC-CF56-4C56-80D5-FA62FEAD0E43}.Debug|Any CPU.ActiveCfg = Debug|Any CPU
		{B45AA6CC-CF56-4C56-80D5-FA62FEAD0E43}.Debug|Any CPU.Build.0 = Debug|Any CPU
		{B45AA6CC-CF56-4C56-80D5-FA62FEAD0E43}.Release|Any CPU.ActiveCfg = Release|Any CPU
		{B45AA6CC-CF56-4C56-80D5-FA62FEAD0E43}.Release|Any CPU.Build.0 = Release|Any CPU
		{781B47E7-269C-4959-9302-217BCF896204}.Debug|Any CPU.ActiveCfg = Debug|Any CPU
		{781B47E7-269C-4959-9302-217BCF896204}.Debug|Any CPU.Build.0 = Debug|Any CPU
		{781B47E7-269C-4959-9302-217BCF896204}.Release|Any CPU.ActiveCfg = Release|Any CPU
		{781B47E7-269C-4959-9302-217BCF896204}.Release|Any CPU.Build.0 = Release|Any CPU
		{9952D65F-E771-4B9D-A98F-9B424D9FAFCB}.Debug|Any CPU.ActiveCfg = Debug|Any CPU
		{9952D65F-E771-4B9D-A98F-9B424D9FAFCB}.Debug|Any CPU.Build.0 = Debug|Any CPU
		{9952D65F-E771-4B9D-A98F-9B424D9FAFCB}.Release|Any CPU.ActiveCfg = Release|Any CPU
		{9952D65F-E771-4B9D-A98F-9B424D9FAFCB}.Release|Any CPU.Build.0 = Release|Any CPU
	EndGlobalSection
	GlobalSection(SolutionProperties) = preSolution
		HideSolutionNode = FALSE
	EndGlobalSection
	GlobalSection(ExtensibilityGlobals) = postSolution
		SolutionGuid = {CCA83ECD-8722-4601-8300-5F7FC923A02D}
	EndGlobalSection
EndGlobal
